// !$*UTF8*$!
{
	archiveVersion = 1;
	classes = {
	};
	objectVersion = 56;
	objects = {

/* Begin PBXBuildFile section */
		73AD1F7A2B5F491B4A3CFEEE /* Pods_WeatherApp.framework in Frameworks */ = {isa = PBXBuildFile; fileRef = BA7A5B553F4E4EEF7A82C22F /* Pods_WeatherApp.framework */; };
		A73892952A3B9C6500A546C9 /* Constants.swift in Sources */ = {isa = PBXBuildFile; fileRef = A73892942A3B9C6500A546C9 /* Constants.swift */; };
		A7ABCC322A3C4AD1005BE32B /* SearchVC.swift in Sources */ = {isa = PBXBuildFile; fileRef = A7ABCC312A3C4AD1005BE32B /* SearchVC.swift */; };
		A7E69E6B2A3B33F2002E8889 /* AppDelegate.swift in Sources */ = {isa = PBXBuildFile; fileRef = A7E69E6A2A3B33F2002E8889 /* AppDelegate.swift */; };
		A7E69E6D2A3B33F2002E8889 /* SceneDelegate.swift in Sources */ = {isa = PBXBuildFile; fileRef = A7E69E6C2A3B33F2002E8889 /* SceneDelegate.swift */; };
		A7E69E742A3B33F2002E8889 /* Assets.xcassets in Resources */ = {isa = PBXBuildFile; fileRef = A7E69E732A3B33F2002E8889 /* Assets.xcassets */; };
		A7E69E772A3B33F2002E8889 /* LaunchScreen.storyboard in Resources */ = {isa = PBXBuildFile; fileRef = A7E69E752A3B33F2002E8889 /* LaunchScreen.storyboard */; };
		A7E69E812A3B3523002E8889 /* HomeVC.swift in Sources */ = {isa = PBXBuildFile; fileRef = A7E69E802A3B3523002E8889 /* HomeVC.swift */; };
		A7E69E872A3B461C002E8889 /* NetworkService.swift in Sources */ = {isa = PBXBuildFile; fileRef = A7E69E862A3B461C002E8889 /* NetworkService.swift */; };
		A7E69E892A3B4A06002E8889 /* Forecast.swift in Sources */ = {isa = PBXBuildFile; fileRef = A7E69E882A3B4A06002E8889 /* Forecast.swift */; };
/* End PBXBuildFile section */

/* Begin PBXFileReference section */
		72EC9E0308209EC675C6A094 /* Pods-WeatherApp.debug.xcconfig */ = {isa = PBXFileReference; includeInIndex = 1; lastKnownFileType = text.xcconfig; name = "Pods-WeatherApp.debug.xcconfig"; path = "Target Support Files/Pods-WeatherApp/Pods-WeatherApp.debug.xcconfig"; sourceTree = "<group>"; };
		A73892942A3B9C6500A546C9 /* Constants.swift */ = {isa = PBXFileReference; lastKnownFileType = sourcecode.swift; path = Constants.swift; sourceTree = "<group>"; };
		A7ABCC312A3C4AD1005BE32B /* SearchVC.swift */ = {isa = PBXFileReference; lastKnownFileType = sourcecode.swift; path = SearchVC.swift; sourceTree = "<group>"; };
		A7E69E672A3B33F2002E8889 /* WeatherApp.app */ = {isa = PBXFileReference; explicitFileType = wrapper.application; includeInIndex = 0; path = WeatherApp.app; sourceTree = BUILT_PRODUCTS_DIR; };
		A7E69E6A2A3B33F2002E8889 /* AppDelegate.swift */ = {isa = PBXFileReference; lastKnownFileType = sourcecode.swift; path = AppDelegate.swift; sourceTree = "<group>"; };
		A7E69E6C2A3B33F2002E8889 /* SceneDelegate.swift */ = {isa = PBXFileReference; lastKnownFileType = sourcecode.swift; path = SceneDelegate.swift; sourceTree = "<group>"; };
		A7E69E732A3B33F2002E8889 /* Assets.xcassets */ = {isa = PBXFileReference; lastKnownFileType = folder.assetcatalog; path = Assets.xcassets; sourceTree = "<group>"; };
		A7E69E762A3B33F2002E8889 /* Base */ = {isa = PBXFileReference; lastKnownFileType = file.storyboard; name = Base; path = Base.lproj/LaunchScreen.storyboard; sourceTree = "<group>"; };
		A7E69E782A3B33F2002E8889 /* Info.plist */ = {isa = PBXFileReference; lastKnownFileType = text.plist.xml; path = Info.plist; sourceTree = "<group>"; };
		A7E69E802A3B3523002E8889 /* HomeVC.swift */ = {isa = PBXFileReference; lastKnownFileType = sourcecode.swift; path = HomeVC.swift; sourceTree = "<group>"; };
		A7E69E862A3B461C002E8889 /* NetworkService.swift */ = {isa = PBXFileReference; lastKnownFileType = sourcecode.swift; path = NetworkService.swift; sourceTree = "<group>"; };
		A7E69E882A3B4A06002E8889 /* Forecast.swift */ = {isa = PBXFileReference; lastKnownFileType = sourcecode.swift; path = Forecast.swift; sourceTree = "<group>"; };
		AD0FA646E43A6877209D3F18 /* Pods-WeatherApp.release.xcconfig */ = {isa = PBXFileReference; includeInIndex = 1; lastKnownFileType = text.xcconfig; name = "Pods-WeatherApp.release.xcconfig"; path = "Target Support Files/Pods-WeatherApp/Pods-WeatherApp.release.xcconfig"; sourceTree = "<group>"; };
		BA7A5B553F4E4EEF7A82C22F /* Pods_WeatherApp.framework */ = {isa = PBXFileReference; explicitFileType = wrapper.framework; includeInIndex = 0; path = Pods_WeatherApp.framework; sourceTree = BUILT_PRODUCTS_DIR; };
/* End PBXFileReference section */

/* Begin PBXFrameworksBuildPhase section */
		A7E69E642A3B33F2002E8889 /* Frameworks */ = {
			isa = PBXFrameworksBuildPhase;
			buildActionMask = 2147483647;
			files = (
				73AD1F7A2B5F491B4A3CFEEE /* Pods_WeatherApp.framework in Frameworks */,
			);
			runOnlyForDeploymentPostprocessing = 0;
		};
/* End PBXFrameworksBuildPhase section */

/* Begin PBXGroup section */
		23FEEBC18BCCCAFCB53DD48C /* Frameworks */ = {
			isa = PBXGroup;
			children = (
				BA7A5B553F4E4EEF7A82C22F /* Pods_WeatherApp.framework */,
			);
			name = Frameworks;
			sourceTree = "<group>";
		};
		A73892962A3B9CD000A546C9 /* Helpers */ = {
			isa = PBXGroup;
			children = (
				A73892942A3B9C6500A546C9 /* Constants.swift */,
			);
			path = Helpers;
			sourceTree = "<group>";
		};
		A7ABCC352A3C6142005BE32B /* Managers */ = {
			isa = PBXGroup;
			children = (
			);
			path = Managers;
			sourceTree = "<group>";
		};
		A7E69E5E2A3B33F1002E8889 = {
			isa = PBXGroup;
			children = (
				A7E69E692A3B33F2002E8889 /* WeatherApp */,
				A7E69E682A3B33F2002E8889 /* Products */,
				F597DA526006F23F50E14717 /* Pods */,
				23FEEBC18BCCCAFCB53DD48C /* Frameworks */,
			);
			sourceTree = "<group>";
		};
		A7E69E682A3B33F2002E8889 /* Products */ = {
			isa = PBXGroup;
			children = (
				A7E69E672A3B33F2002E8889 /* WeatherApp.app */,
			);
			name = Products;
			sourceTree = "<group>";
		};
		A7E69E692A3B33F2002E8889 /* WeatherApp */ = {
			isa = PBXGroup;
			children = (
				A7ABCC352A3C6142005BE32B /* Managers */,
				A73892962A3B9CD000A546C9 /* Helpers */,
				A7E69E832A3B45D7002E8889 /* Networking */,
				A7E69E822A3B45D3002E8889 /* Model */,
				A7E69E842A3B45E0002E8889 /* Controller */,
				A7E69E852A3B45F1002E8889 /* Application */,
				A7E69E732A3B33F2002E8889 /* Assets.xcassets */,
				A7E69E752A3B33F2002E8889 /* LaunchScreen.storyboard */,
				A7E69E782A3B33F2002E8889 /* Info.plist */,
			);
			path = WeatherApp;
			sourceTree = "<group>";
		};
		A7E69E822A3B45D3002E8889 /* Model */ = {
			isa = PBXGroup;
			children = (
				A7E69E882A3B4A06002E8889 /* Forecast.swift */,
			);
			path = Model;
			sourceTree = "<group>";
		};
		A7E69E832A3B45D7002E8889 /* Networking */ = {
			isa = PBXGroup;
			children = (
				A7E69E862A3B461C002E8889 /* NetworkService.swift */,
			);
			path = Networking;
			sourceTree = "<group>";
		};
		A7E69E842A3B45E0002E8889 /* Controller */ = {
			isa = PBXGroup;
			children = (
				A7E69E802A3B3523002E8889 /* HomeVC.swift */,
				A7ABCC312A3C4AD1005BE32B /* SearchVC.swift */,
			);
			path = Controller;
			sourceTree = "<group>";
		};
		A7E69E852A3B45F1002E8889 /* Application */ = {
			isa = PBXGroup;
			children = (
				A7E69E6A2A3B33F2002E8889 /* AppDelegate.swift */,
				A7E69E6C2A3B33F2002E8889 /* SceneDelegate.swift */,
			);
			path = Application;
			sourceTree = "<group>";
		};
		F597DA526006F23F50E14717 /* Pods */ = {
			isa = PBXGroup;
			children = (
				72EC9E0308209EC675C6A094 /* Pods-WeatherApp.debug.xcconfig */,
				AD0FA646E43A6877209D3F18 /* Pods-WeatherApp.release.xcconfig */,
			);
			path = Pods;
			sourceTree = "<group>";
		};
/* End PBXGroup section */

/* Begin PBXNativeTarget section */
		A7E69E662A3B33F2002E8889 /* WeatherApp */ = {
			isa = PBXNativeTarget;
			buildConfigurationList = A7E69E7B2A3B33F2002E8889 /* Build configuration list for PBXNativeTarget "WeatherApp" */;
			buildPhases = (
				424A93293A9E77ED33D292EB /* [CP] Check Pods Manifest.lock */,
				A7E69E632A3B33F2002E8889 /* Sources */,
				A7E69E642A3B33F2002E8889 /* Frameworks */,
				A7E69E652A3B33F2002E8889 /* Resources */,
				BABAE2880F93C340E0CE70EE /* [CP] Embed Pods Frameworks */,
			);
			buildRules = (
			);
			dependencies = (
			);
			name = WeatherApp;
			productName = WeatherApp;
			productReference = A7E69E672A3B33F2002E8889 /* WeatherApp.app */;
			productType = "com.apple.product-type.application";
		};
/* End PBXNativeTarget section */

/* Begin PBXProject section */
		A7E69E5F2A3B33F1002E8889 /* Project object */ = {
			isa = PBXProject;
			attributes = {
				BuildIndependentTargetsInParallel = 1;
				LastSwiftUpdateCheck = 1430;
				LastUpgradeCheck = 1430;
				TargetAttributes = {
					A7E69E662A3B33F2002E8889 = {
						CreatedOnToolsVersion = 14.3.1;
					};
				};
			};
			buildConfigurationList = A7E69E622A3B33F1002E8889 /* Build configuration list for PBXProject "WeatherApp" */;
			compatibilityVersion = "Xcode 14.0";
			developmentRegion = en;
			hasScannedForEncodings = 0;
			knownRegions = (
				en,
				Base,
			);
			mainGroup = A7E69E5E2A3B33F1002E8889;
			productRefGroup = A7E69E682A3B33F2002E8889 /* Products */;
			projectDirPath = "";
			projectRoot = "";
			targets = (
				A7E69E662A3B33F2002E8889 /* WeatherApp */,
			);
		};
/* End PBXProject section */

/* Begin PBXResourcesBuildPhase section */
		A7E69E652A3B33F2002E8889 /* Resources */ = {
			isa = PBXResourcesBuildPhase;
			buildActionMask = 2147483647;
			files = (
				A7E69E772A3B33F2002E8889 /* LaunchScreen.storyboard in Resources */,
				A7E69E742A3B33F2002E8889 /* Assets.xcassets in Resources */,
			);
			runOnlyForDeploymentPostprocessing = 0;
		};
/* End PBXResourcesBuildPhase section */

/* Begin PBXShellScriptBuildPhase section */
		424A93293A9E77ED33D292EB /* [CP] Check Pods Manifest.lock */ = {
			isa = PBXShellScriptBuildPhase;
			buildActionMask = 2147483647;
			files = (
			);
			inputFileListPaths = (
			);
			inputPaths = (
				"${PODS_PODFILE_DIR_PATH}/Podfile.lock",
				"${PODS_ROOT}/Manifest.lock",
			);
			name = "[CP] Check Pods Manifest.lock";
			outputFileListPaths = (
			);
			outputPaths = (
				"$(DERIVED_FILE_DIR)/Pods-WeatherApp-checkManifestLockResult.txt",
			);
			runOnlyForDeploymentPostprocessing = 0;
			shellPath = /bin/sh;
			shellScript = "diff \"${PODS_PODFILE_DIR_PATH}/Podfile.lock\" \"${PODS_ROOT}/Manifest.lock\" > /dev/null\nif [ $? != 0 ] ; then\n    # print error to STDERR\n    echo \"error: The sandbox is not in sync with the Podfile.lock. Run 'pod install' or update your CocoaPods installation.\" >&2\n    exit 1\nfi\n# This output is used by Xcode 'outputs' to avoid re-running this script phase.\necho \"SUCCESS\" > \"${SCRIPT_OUTPUT_FILE_0}\"\n";
			showEnvVarsInLog = 0;
		};
		BABAE2880F93C340E0CE70EE /* [CP] Embed Pods Frameworks */ = {
			isa = PBXShellScriptBuildPhase;
			buildActionMask = 2147483647;
			files = (
			);
			inputFileListPaths = (
				"${PODS_ROOT}/Target Support Files/Pods-WeatherApp/Pods-WeatherApp-frameworks-${CONFIGURATION}-input-files.xcfilelist",
			);
			name = "[CP] Embed Pods Frameworks";
			outputFileListPaths = (
				"${PODS_ROOT}/Target Support Files/Pods-WeatherApp/Pods-WeatherApp-frameworks-${CONFIGURATION}-output-files.xcfilelist",
			);
			runOnlyForDeploymentPostprocessing = 0;
			shellPath = /bin/sh;
			shellScript = "\"${PODS_ROOT}/Target Support Files/Pods-WeatherApp/Pods-WeatherApp-frameworks.sh\"\n";
			showEnvVarsInLog = 0;
		};
/* End PBXShellScriptBuildPhase section */

/* Begin PBXSourcesBuildPhase section */
		A7E69E632A3B33F2002E8889 /* Sources */ = {
			isa = PBXSourcesBuildPhase;
			buildActionMask = 2147483647;
			files = (
				A7E69E812A3B3523002E8889 /* HomeVC.swift in Sources */,
				A7E69E6B2A3B33F2002E8889 /* AppDelegate.swift in Sources */,
				A7E69E872A3B461C002E8889 /* NetworkService.swift in Sources */,
				A7E69E6D2A3B33F2002E8889 /* SceneDelegate.swift in Sources */,
				A7E69E892A3B4A06002E8889 /* Forecast.swift in Sources */,
				A73892952A3B9C6500A546C9 /* Constants.swift in Sources */,
				A7ABCC322A3C4AD1005BE32B /* SearchVC.swift in Sources */,
			);
			runOnlyForDeploymentPostprocessing = 0;
		};
/* End PBXSourcesBuildPhase section */

/* Begin PBXVariantGroup section */
		A7E69E752A3B33F2002E8889 /* LaunchScreen.storyboard */ = {
			isa = PBXVariantGroup;
			children = (
				A7E69E762A3B33F2002E8889 /* Base */,
			);
			name = LaunchScreen.storyboard;
			sourceTree = "<group>";
		};
/* End PBXVariantGroup section */

/* Begin XCBuildConfiguration section */
		A7E69E792A3B33F2002E8889 /* Debug */ = {
			isa = XCBuildConfiguration;
			buildSettings = {
				ALWAYS_SEARCH_USER_PATHS = NO;
				CLANG_ANALYZER_NONNULL = YES;
				CLANG_ANALYZER_NUMBER_OBJECT_CONVERSION = YES_AGGRESSIVE;
				CLANG_CXX_LANGUAGE_STANDARD = "gnu++20";
				CLANG_ENABLE_MODULES = YES;
				CLANG_ENABLE_OBJC_ARC = YES;
				CLANG_ENABLE_OBJC_WEAK = YES;
				CLANG_WARN_BLOCK_CAPTURE_AUTORELEASING = YES;
				CLANG_WARN_BOOL_CONVERSION = YES;
				CLANG_WARN_COMMA = YES;
				CLANG_WARN_CONSTANT_CONVERSION = YES;
				CLANG_WARN_DEPRECATED_OBJC_IMPLEMENTATIONS = YES;
				CLANG_WARN_DIRECT_OBJC_ISA_USAGE = YES_ERROR;
				CLANG_WARN_DOCUMENTATION_COMMENTS = YES;
				CLANG_WARN_EMPTY_BODY = YES;
				CLANG_WARN_ENUM_CONVERSION = YES;
				CLANG_WARN_INFINITE_RECURSION = YES;
				CLANG_WARN_INT_CONVERSION = YES;
				CLANG_WARN_NON_LITERAL_NULL_CONVERSION = YES;
				CLANG_WARN_OBJC_IMPLICIT_RETAIN_SELF = YES;
				CLANG_WARN_OBJC_LITERAL_CONVERSION = YES;
				CLANG_WARN_OBJC_ROOT_CLASS = YES_ERROR;
				CLANG_WARN_QUOTED_INCLUDE_IN_FRAMEWORK_HEADER = YES;
				CLANG_WARN_RANGE_LOOP_ANALYSIS = YES;
				CLANG_WARN_STRICT_PROTOTYPES = YES;
				CLANG_WARN_SUSPICIOUS_MOVE = YES;
				CLANG_WARN_UNGUARDED_AVAILABILITY = YES_AGGRESSIVE;
				CLANG_WARN_UNREACHABLE_CODE = YES;
				CLANG_WARN__DUPLICATE_METHOD_MATCH = YES;
				COPY_PHASE_STRIP = NO;
				DEBUG_INFORMATION_FORMAT = dwarf;
				ENABLE_STRICT_OBJC_MSGSEND = YES;
				ENABLE_TESTABILITY = YES;
				GCC_C_LANGUAGE_STANDARD = gnu11;
				GCC_DYNAMIC_NO_PIC = NO;
				GCC_NO_COMMON_BLOCKS = YES;
				GCC_OPTIMIZATION_LEVEL = 0;
				GCC_PREPROCESSOR_DEFINITIONS = (
					"DEBUG=1",
					"$(inherited)",
				);
				GCC_WARN_64_TO_32_BIT_CONVERSION = YES;
				GCC_WARN_ABOUT_RETURN_TYPE = YES_ERROR;
				GCC_WARN_UNDECLARED_SELECTOR = YES;
				GCC_WARN_UNINITIALIZED_AUTOS = YES_AGGRESSIVE;
				GCC_WARN_UNUSED_FUNCTION = YES;
				GCC_WARN_UNUSED_VARIABLE = YES;
				IPHONEOS_DEPLOYMENT_TARGET = 16.4;
				MTL_ENABLE_DEBUG_INFO = INCLUDE_SOURCE;
				MTL_FAST_MATH = YES;
				ONLY_ACTIVE_ARCH = YES;
				SDKROOT = iphoneos;
				SWIFT_ACTIVE_COMPILATION_CONDITIONS = DEBUG;
				SWIFT_OPTIMIZATION_LEVEL = "-Onone";
			};
			name = Debug;
		};
		A7E69E7A2A3B33F2002E8889 /* Release */ = {
			isa = XCBuildConfiguration;
			buildSettings = {
				ALWAYS_SEARCH_USER_PATHS = NO;
				CLANG_ANALYZER_NONNULL = YES;
				CLANG_ANALYZER_NUMBER_OBJECT_CONVERSION = YES_AGGRESSIVE;
				CLANG_CXX_LANGUAGE_STANDARD = "gnu++20";
				CLANG_ENABLE_MODULES = YES;
				CLANG_ENABLE_OBJC_ARC = YES;
				CLANG_ENABLE_OBJC_WEAK = YES;
				CLANG_WARN_BLOCK_CAPTURE_AUTORELEASING = YES;
				CLANG_WARN_BOOL_CONVERSION = YES;
				CLANG_WARN_COMMA = YES;
				CLANG_WARN_CONSTANT_CONVERSION = YES;
				CLANG_WARN_DEPRECATED_OBJC_IMPLEMENTATIONS = YES;
				CLANG_WARN_DIRECT_OBJC_ISA_USAGE = YES_ERROR;
				CLANG_WARN_DOCUMENTATION_COMMENTS = YES;
				CLANG_WARN_EMPTY_BODY = YES;
				CLANG_WARN_ENUM_CONVERSION = YES;
				CLANG_WARN_INFINITE_RECURSION = YES;
				CLANG_WARN_INT_CONVERSION = YES;
				CLANG_WARN_NON_LITERAL_NULL_CONVERSION = YES;
				CLANG_WARN_OBJC_IMPLICIT_RETAIN_SELF = YES;
				CLANG_WARN_OBJC_LITERAL_CONVERSION = YES;
				CLANG_WARN_OBJC_ROOT_CLASS = YES_ERROR;
				CLANG_WARN_QUOTED_INCLUDE_IN_FRAMEWORK_HEADER = YES;
				CLANG_WARN_RANGE_LOOP_ANALYSIS = YES;
				CLANG_WARN_STRICT_PROTOTYPES = YES;
				CLANG_WARN_SUSPICIOUS_MOVE = YES;
				CLANG_WARN_UNGUARDED_AVAILABILITY = YES_AGGRESSIVE;
				CLANG_WARN_UNREACHABLE_CODE = YES;
				CLANG_WARN__DUPLICATE_METHOD_MATCH = YES;
				COPY_PHASE_STRIP = NO;
				DEBUG_INFORMATION_FORMAT = "dwarf-with-dsym";
				ENABLE_NS_ASSERTIONS = NO;
				ENABLE_STRICT_OBJC_MSGSEND = YES;
				GCC_C_LANGUAGE_STANDARD = gnu11;
				GCC_NO_COMMON_BLOCKS = YES;
				GCC_WARN_64_TO_32_BIT_CONVERSION = YES;
				GCC_WARN_ABOUT_RETURN_TYPE = YES_ERROR;
				GCC_WARN_UNDECLARED_SELECTOR = YES;
				GCC_WARN_UNINITIALIZED_AUTOS = YES_AGGRESSIVE;
				GCC_WARN_UNUSED_FUNCTION = YES;
				GCC_WARN_UNUSED_VARIABLE = YES;
				IPHONEOS_DEPLOYMENT_TARGET = 16.4;
				MTL_ENABLE_DEBUG_INFO = NO;
				MTL_FAST_MATH = YES;
				SDKROOT = iphoneos;
				SWIFT_COMPILATION_MODE = wholemodule;
				SWIFT_OPTIMIZATION_LEVEL = "-O";
				VALIDATE_PRODUCT = YES;
			};
			name = Release;
		};
		A7E69E7C2A3B33F2002E8889 /* Debug */ = {
			isa = XCBuildConfiguration;
			baseConfigurationReference = 72EC9E0308209EC675C6A094 /* Pods-WeatherApp.debug.xcconfig */;
			buildSettings = {
				ASSETCATALOG_COMPILER_APPICON_NAME = AppIcon;
				ASSETCATALOG_COMPILER_GLOBAL_ACCENT_COLOR_NAME = AccentColor;
				CODE_SIGN_STYLE = Automatic;
				CURRENT_PROJECT_VERSION = 1;
				DEVELOPMENT_TEAM = 43X8U5HZ8Y;
				GENERATE_INFOPLIST_FILE = YES;
				INFOPLIST_FILE = WeatherApp/Info.plist;
				INFOPLIST_KEY_UIApplicationSupportsIndirectInputEvents = YES;
				INFOPLIST_KEY_UILaunchStoryboardName = LaunchScreen;
				INFOPLIST_KEY_UISupportedInterfaceOrientations_iPad = "UIInterfaceOrientationPortrait UIInterfaceOrientationPortraitUpsideDown UIInterfaceOrientationLandscapeLeft UIInterfaceOrientationLandscapeRight";
				INFOPLIST_KEY_UISupportedInterfaceOrientations_iPhone = "UIInterfaceOrientationPortrait UIInterfaceOrientationLandscapeLeft UIInterfaceOrientationLandscapeRight";
				LD_RUNPATH_SEARCH_PATHS = (
					"$(inherited)",
					"@executable_path/Frameworks",
				);
				MARKETING_VERSION = 1.0;
				PRODUCT_BUNDLE_IDENTIFIER = com.vadimkononenko.WeatherApp;
				PRODUCT_NAME = "$(TARGET_NAME)";
				SWIFT_EMIT_LOC_STRINGS = YES;
				SWIFT_VERSION = 5.0;
				TARGETED_DEVICE_FAMILY = "1,2";
			};
			name = Debug;
		};
		A7E69E7D2A3B33F2002E8889 /* Release */ = {
			isa = XCBuildConfiguration;
			baseConfigurationReference = AD0FA646E43A6877209D3F18 /* Pods-WeatherApp.release.xcconfig */;
			buildSettings = {
				ASSETCATALOG_COMPILER_APPICON_NAME = AppIcon;
				ASSETCATALOG_COMPILER_GLOBAL_ACCENT_COLOR_NAME = AccentColor;
				CODE_SIGN_STYLE = Automatic;
				CURRENT_PROJECT_VERSION = 1;
				DEVELOPMENT_TEAM = 43X8U5HZ8Y;
				GENERATE_INFOPLIST_FILE = YES;
				INFOPLIST_FILE = WeatherApp/Info.plist;
				INFOPLIST_KEY_UIApplicationSupportsIndirectInputEvents = YES;
				INFOPLIST_KEY_UILaunchStoryboardName = LaunchScreen;
				INFOPLIST_KEY_UISupportedInterfaceOrientations_iPad = "UIInterfaceOrientationPortrait UIInterfaceOrientationPortraitUpsideDown UIInterfaceOrientationLandscapeLeft UIInterfaceOrientationLandscapeRight";
				INFOPLIST_KEY_UISupportedInterfaceOrientations_iPhone = "UIInterfaceOrientationPortrait UIInterfaceOrientationLandscapeLeft UIInterfaceOrientationLandscapeRight";
				LD_RUNPATH_SEARCH_PATHS = (
					"$(inherited)",
					"@executable_path/Frameworks",
				);
				MARKETING_VERSION = 1.0;
				PRODUCT_BUNDLE_IDENTIFIER = com.vadimkononenko.WeatherApp;
				PRODUCT_NAME = "$(TARGET_NAME)";
				SWIFT_EMIT_LOC_STRINGS = YES;
				SWIFT_VERSION = 5.0;
				TARGETED_DEVICE_FAMILY = "1,2";
			};
			name = Release;
		};
/* End XCBuildConfiguration section */

/* Begin XCConfigurationList section */
		A7E69E622A3B33F1002E8889 /* Build configuration list for PBXProject "WeatherApp" */ = {
			isa = XCConfigurationList;
			buildConfigurations = (
				A7E69E792A3B33F2002E8889 /* Debug */,
				A7E69E7A2A3B33F2002E8889 /* Release */,
			);
			defaultConfigurationIsVisible = 0;
			defaultConfigurationName = Release;
		};
		A7E69E7B2A3B33F2002E8889 /* Build configuration list for PBXNativeTarget "WeatherApp" */ = {
			isa = XCConfigurationList;
			buildConfigurations = (
				A7E69E7C2A3B33F2002E8889 /* Debug */,
				A7E69E7D2A3B33F2002E8889 /* Release */,
			);
			defaultConfigurationIsVisible = 0;
			defaultConfigurationName = Release;
		};
/* End XCConfigurationList section */
	};
	rootObject = A7E69E5F2A3B33F1002E8889 /* Project object */;
}
